
Microsoft Visual Studio Solution File, Format Version 12.00
# Visual Studio 15
VisualStudioVersion = 15.0.27703.2035
MinimumVisualStudioVersion = 10.0.40219.1
Project("{FAE04EC0-301F-11D3-BF4B-00C04F79EFBC}") = "Demo17.Android", "Demo17\Demo17.Android\Demo17.Android.csproj", "{53BDA5A7-3C58-40CF-A097-8E717920F16A}"
EndProject
Project("{FAE04EC0-301F-11D3-BF4B-00C04F79EFBC}") = "Demo17", "Demo17\Demo17\Demo17.csproj", "{56703FE6-57F6-42F4-82C4-F52D46AC8134}"
EndProject
Global
	GlobalSection(SolutionConfigurationPlatforms) = preSolution
		Debug|Any CPU = Debug|Any CPU
		Release|Any CPU = Release|Any CPU
	EndGlobalSection
	GlobalSection(ProjectConfigurationPlatforms) = postSolution
		{53BDA5A7-3C58-40CF-A097-8E717920F16A}.Debug|Any CPU.ActiveCfg = Debug|Any CPU
		{53BDA5A7-3C58-40CF-A097-8E717920F16A}.Debug|Any CPU.Build.0 = Debug|Any CPU
		{53BDA5A7-3C58-40CF-A097-8E717920F16A}.Debug|Any CPU.Deploy.0 = Debug|Any CPU
		{53BDA5A7-3C58-40CF-A097-8E717920F16A}.Release|Any CPU.ActiveCfg = Release|Any CPU
		{53BDA5A7-3C58-40CF-A097-8E717920F16A}.Release|Any CPU.Build.0 = Release|Any CPU
		{53BDA5A7-3C58-40CF-A097-8E717920F16A}.Release|Any CPU.Deploy.0 = Release|Any CPU
		{56703FE6-57F6-42F4-82C4-F52D46AC8134}.Debug|Any CPU.ActiveCfg = Debug|Any CPU
		{56703FE6-57F6-42F4-82C4-F52D46AC8134}.Debug|Any CPU.Build.0 = Debug|Any CPU
		{56703FE6-57F6-42F4-82C4-F52D46AC8134}.Debug|Any CPU.Deploy.0 = Debug|Any CPU
		{56703FE6-57F6-42F4-82C4-F52D46AC8134}.Release|Any CPU.ActiveCfg = Release|Any CPU
		{56703FE6-57F6-42F4-82C4-F52D46AC8134}.Release|Any CPU.Build.0 = Release|Any CPU
		{56703FE6-57F6-42F4-82C4-F52D46AC8134}.Release|Any CPU.Deploy.0 = Release|Any CPU
	EndGlobalSection
	GlobalSection(SolutionProperties) = preSolution
		HideSolutionNode = FALSE
	EndGlobalSection
	GlobalSection(ExtensibilityGlobals) = postSolution
		SolutionGuid = {D396E978-A2F8-4494-A195-B5FE408914A3}
	EndGlobalSection
EndGlobal
